# This file is automatically @generated by Cargo.
# It is not intended for manual editing.
version = 3

[[package]]
name = "crossbeam-deque"
version = "0.8.5"
source = "registry+https://github.com/rust-lang/crates.io-index"
checksum = "613f8cc01fe9cf1a3eb3d7f488fd2fa8388403e97039e2f73692932e291a770d"
dependencies = [
 "crossbeam-epoch",
 "crossbeam-utils",
]

[[package]]
name = "crossbeam-epoch"
version = "0.9.18"
source = "registry+https://github.com/rust-lang/crates.io-index"
checksum = "5b82ac4a3c2ca9c3460964f020e1402edd5753411d7737aa39c3714ad1b5420e"
dependencies = [
 "crossbeam-utils",
]

[[package]]
name = "crossbeam-utils"
version = "0.8.19"
source = "registry+https://github.com/rust-lang/crates.io-index"
checksum = "248e3bacc7dc6baa3b21e405ee045c3047101a49145e7e9eca583ab4c2ca5345"

[[package]]
name = "either"
version = "1.10.0"
source = "registry+https://github.com/rust-lang/crates.io-index"
checksum = "11157ac094ffbdde99aa67b23417ebdd801842852b500e395a45a9c0aac03e4a"

[[package]]
name = "jxl-bitstream"
version = "0.3.1"
source = "registry+https://github.com/rust-lang/crates.io-index"
checksum = "9f38d3c6ae8012e380ff73d5c9265d7a60acc618821d0fb40545c02735223762"
dependencies = [
 "tracing",
]

[[package]]
name = "jxl-coding"
version = "0.3.0"
source = "registry+https://github.com/rust-lang/crates.io-index"
checksum = "851149f14415943e525e6259ddff212a1f507e0b12ee6f9fc0fa5266bea88891"
dependencies = [
 "jxl-bitstream",
]

[[package]]
name = "jxl-color"
version = "0.5.0"
source = "registry+https://github.com/rust-lang/crates.io-index"
checksum = "3eaa098ef84ea4f31fe4f2d93c8737fc9c88d3f3bee18334e3a78aa6b5c0e738"
dependencies = [
 "jxl-bitstream",
 "jxl-coding",
 "jxl-grid",
 "jxl-threadpool",
 "tracing",
]

[[package]]
name = "jxl-frame"
version = "0.7.0"
source = "registry+https://github.com/rust-lang/crates.io-index"
checksum = "54f386640d4e9e63e876c941191000c49bc6ddef7d719c176fd7d0c735839c02"
dependencies = [
 "jxl-bitstream",
 "jxl-coding",
 "jxl-grid",
 "jxl-image",
 "jxl-modular",
 "jxl-threadpool",
 "jxl-vardct",
 "tracing",
]

[[package]]
name = "jxl-grid"
version = "0.3.0"
source = "registry+https://github.com/rust-lang/crates.io-index"
checksum = "f4a85129ecf79ca5f6a37ae291b67195a3021b2e445194745728be1b5bf667bf"
dependencies = [
 "tracing",
]

[[package]]
name = "jxl-image"
version = "0.7.0"
source = "registry+https://github.com/rust-lang/crates.io-index"
checksum = "35ae2850f735f9794bfc7ee58ae8178e16a6dc7d08cc3f245820d6c37b9bd5bb"
dependencies = [
 "jxl-bitstream",
 "jxl-color",
 "jxl-grid",
 "tracing",
]

[[package]]
name = "jxl-modular"
version = "0.5.0"
source = "registry+https://github.com/rust-lang/crates.io-index"
checksum = "f955512f2921af085d8e55df35cd733ec1e7deeea05a5c3b056d4d0b2b82f70e"
dependencies = [
 "jxl-bitstream",
 "jxl-coding",
 "jxl-grid",
 "jxl-threadpool",
 "tracing",
]

[[package]]
name = "jxl-oxide"
version = "0.6.0"
source = "registry+https://github.com/rust-lang/crates.io-index"
checksum = "ec1bb65f27171804ad8e8710477fd592eec6d369d8cd7951f5179edbfe4c5cb4"
dependencies = [
 "jxl-bitstream",
 "jxl-color",
 "jxl-frame",
 "jxl-grid",
 "jxl-image",
 "jxl-render",
 "jxl-threadpool",
 "tracing",
]

[[package]]
name = "jxl-oxide-python"
version = "0.2.5"
dependencies = [
 "jxl-oxide",
]

[[package]]
name = "jxl-render"
version = "0.6.0"
source = "registry+https://github.com/rust-lang/crates.io-index"
checksum = "c8b2eddafe85e2b2ef6730526cb5acee02847c0efaa8f54356fe9fd70bc45392"
dependencies = [
 "jxl-bitstream",
 "jxl-coding",
 "jxl-color",
 "jxl-frame",
 "jxl-grid",
 "jxl-image",
 "jxl-modular",
 "jxl-threadpool",
 "jxl-vardct",
 "tracing",
]

[[package]]
name = "jxl-threadpool"
version = "0.1.0"
source = "registry+https://github.com/rust-lang/crates.io-index"
checksum = "dcd3e9cf51745c0f4e86cd728c2725d62f0d1c8611a10307e96c2af6226db291"
dependencies = [
 "rayon",
 "rayon-core",
 "tracing",
]

[[package]]
name = "jxl-vardct"
version = "0.5.0"
source = "registry+https://github.com/rust-lang/crates.io-index"
checksum = "81a3af6c6cbe9de190dc441a687b3b5d08bed4368428516f5bcd793fc5955184"
dependencies = [
 "jxl-bitstream",
 "jxl-coding",
 "jxl-grid",
 "jxl-modular",
 "jxl-threadpool",
 "tracing",
]

[[package]]
name = "once_cell"
version = "1.19.0"
source = "registry+https://github.com/rust-lang/crates.io-index"
checksum = "3fdb12b2476b595f9358c5161aa467c2438859caa136dec86c26fdd2efe17b92"

[[package]]
name = "pin-project-lite"
version = "0.2.13"
source = "registry+https://github.com/rust-lang/crates.io-index"
checksum = "8afb450f006bf6385ca15ef45d71d2288452bc3683ce2e2cacc0d18e4be60b58"

[[package]]
name = "rayon"
version = "1.8.1"
source = "registry+https://github.com/rust-lang/crates.io-index"
checksum = "fa7237101a77a10773db45d62004a272517633fbcc3df19d96455ede1122e051"
dependencies = [
 "either",
 "rayon-core",
]

[[package]]
name = "rayon-core"
version = "1.12.1"
source = "registry+https://github.com/rust-lang/crates.io-index"
checksum = "1465873a3dfdaa8ae7cb14b4383657caab0b3e8a0aa9ae8e04b044854c8dfce2"
dependencies = [
 "crossbeam-deque",
 "crossbeam-utils",
]

[[package]]
name = "tracing"
version = "0.1.40"
source = "registry+https://github.com/rust-lang/crates.io-index"
checksum = "c3523ab5a71916ccf420eebdf5521fcef02141234bbc0b8a49f2fdc4544364ef"
dependencies = [
 "pin-project-lite",
 "tracing-core",
]

[[package]]
name = "tracing-core"
version = "0.1.32"
source = "registry+https://github.com/rust-lang/crates.io-index"
checksum = "c06d3da6113f116aaee68e4d601191614c9053067f9ab7f6edbcb161237daa54"
dependencies = [
 "once_cell",
]
