# This file is automatically @generated by Cargo.
# It is not intended for manual editing.
version = 3

[[package]]
name = "cfg-if"
version = "1.0.0"
source = "registry+https://github.com/rust-lang/crates.io-index"
checksum = "baf1de4339761588bc0619e3cbc0120ee582ebb74b53b4efbf79117bd2da40fd"

[[package]]
name = "jxl-bitstream"
version = "0.2.3"
source = "registry+https://github.com/rust-lang/crates.io-index"
checksum = "76c3205d18cf6229b3f694de66e592886ff7afb0740bc0e85594e3b28d6f6622"
dependencies = [
 "tracing",
]

[[package]]
name = "jxl-coding"
version = "0.2.3"
source = "registry+https://github.com/rust-lang/crates.io-index"
checksum = "7075600c762c1ce9e2dd1fbc3fa8ded2af1401fe2221449eca943977742dd0b4"
dependencies = [
 "jxl-bitstream",
]

[[package]]
name = "jxl-color"
version = "0.3.2"
source = "registry+https://github.com/rust-lang/crates.io-index"
checksum = "9084bc33b6d01e26b1db6c187514a51a57f4e3780335f3120ab55ee0b08f6e73"
dependencies = [
 "jxl-bitstream",
 "jxl-coding",
 "jxl-grid",
]

[[package]]
name = "jxl-frame"
version = "0.5.0"
source = "registry+https://github.com/rust-lang/crates.io-index"
checksum = "8d63bdd104e3746669a123de86f940aa5d59fdc9c5a65f16a4f867dde75e45e1"
dependencies = [
 "jxl-bitstream",
 "jxl-coding",
 "jxl-grid",
 "jxl-image",
 "jxl-modular",
 "jxl-vardct",
 "tracing",
]

[[package]]
name = "jxl-grid"
version = "0.1.1"
source = "registry+https://github.com/rust-lang/crates.io-index"
checksum = "48800b21ed6bb3bbc2f818ae9cd40530bdfb1a211f57d5a7a49b8b10f62145e8"

[[package]]
name = "jxl-image"
version = "0.5.0"
source = "registry+https://github.com/rust-lang/crates.io-index"
checksum = "ef86f7f74acc9c9e66604c8d030e00cdef5a0c455ea3d7d26bd9ddbb9160be59"
dependencies = [
 "jxl-bitstream",
 "jxl-color",
 "jxl-grid",
 "tracing",
]

[[package]]
name = "jxl-modular"
version = "0.3.0"
source = "registry+https://github.com/rust-lang/crates.io-index"
checksum = "504e6b55db362568592be81993c772fc6786c56fb67ae769ff62dc514c3e6748"
dependencies = [
 "jxl-bitstream",
 "jxl-coding",
 "jxl-grid",
 "tracing",
]

[[package]]
name = "jxl-oxide"
version = "0.4.0"
source = "registry+https://github.com/rust-lang/crates.io-index"
checksum = "57e3b7e459d823979c4ca0c9584f391581db154437f34596ea443b082e9b6064"
dependencies = [
 "jxl-bitstream",
 "jxl-color",
 "jxl-frame",
 "jxl-grid",
 "jxl-image",
 "jxl-render",
 "tracing",
]

[[package]]
name = "jxl-oxide-python"
version = "0.2.3"
dependencies = [
 "jxl-oxide",
]

[[package]]
name = "jxl-render"
version = "0.4.0"
source = "registry+https://github.com/rust-lang/crates.io-index"
checksum = "7157d1c6c4896ddc800cb0cc8ba545ba7417ab9afc51f39e69484e6607c8707e"
dependencies = [
 "jxl-bitstream",
 "jxl-coding",
 "jxl-color",
 "jxl-frame",
 "jxl-grid",
 "jxl-image",
 "jxl-modular",
 "jxl-vardct",
 "tracing",
]

[[package]]
name = "jxl-vardct"
version = "0.3.0"
source = "registry+https://github.com/rust-lang/crates.io-index"
checksum = "eb4a2d9ba8c48a52f6143ba01c38aac67d1309c9b939a9f84cd60f650d15053e"
dependencies = [
 "jxl-bitstream",
 "jxl-coding",
 "jxl-grid",
 "jxl-modular",
 "tracing",
]

[[package]]
name = "once_cell"
version = "1.18.0"
source = "registry+https://github.com/rust-lang/crates.io-index"
checksum = "dd8b5dd2ae5ed71462c540258bedcb51965123ad7e7ccf4b9a8cafaa4a63576d"

[[package]]
name = "pin-project-lite"
version = "0.2.13"
source = "registry+https://github.com/rust-lang/crates.io-index"
checksum = "8afb450f006bf6385ca15ef45d71d2288452bc3683ce2e2cacc0d18e4be60b58"

[[package]]
name = "tracing"
version = "0.1.37"
source = "registry+https://github.com/rust-lang/crates.io-index"
checksum = "8ce8c33a8d48bd45d624a6e523445fd21ec13d3653cd51f681abf67418f54eb8"
dependencies = [
 "cfg-if",
 "pin-project-lite",
 "tracing-core",
]

[[package]]
name = "tracing-core"
version = "0.1.31"
source = "registry+https://github.com/rust-lang/crates.io-index"
checksum = "0955b8137a1df6f1a2e9a37d8a6656291ff0297c1a97c24e0d8425fe2312f79a"
dependencies = [
 "once_cell",
]
